// !$*UTF8*$!
{
	archiveVersion = 1;
	classes = {
	};
	objectVersion = 77;
	objects = {

/* Begin PBXContainerItemProxy section */
		6B3620E02CD6FF3E006302CD /* PBXContainerItemProxy */ = {
			isa = PBXContainerItemProxy;
			containerPortal = 6B3620C72CD6FF3C006302CD /* Project object */;
			proxyType = 1;
			remoteGlobalIDString = 6B3620CE2CD6FF3D006302CD;
			remoteInfo = speculetter;
		};
		6B3620EA2CD6FF3E006302CD /* PBXContainerItemProxy */ = {
			isa = PBXContainerItemProxy;
			containerPortal = 6B3620C72CD6FF3C006302CD /* Project object */;
			proxyType = 1;
			remoteGlobalIDString = 6B3620CE2CD6FF3D006302CD;
			remoteInfo = speculetter;
		};
/* End PBXContainerItemProxy section */

/* Begin PBXFileReference section */
		6B3620CF2CD6FF3D006302CD /* speculetter.app */ = {isa = PBXFileReference; explicitFileType = wrapper.application; includeInIndex = 0; path = speculetter.app; sourceTree = BUILT_PRODUCTS_DIR; };
		6B3620DF2CD6FF3E006302CD /* speculetterTests.xctest */ = {isa = PBXFileReference; explicitFileType = wrapper.cfbundle; includeInIndex = 0; path = speculetterTests.xctest; sourceTree = BUILT_PRODUCTS_DIR; };
		6B3620E92CD6FF3E006302CD /* speculetterUITests.xctest */ = {isa = PBXFileReference; explicitFileType = wrapper.cfbundle; includeInIndex = 0; path = speculetterUITests.xctest; sourceTree = BUILT_PRODUCTS_DIR; };
/* End PBXFileReference section */

/* Begin PBXFileSystemSynchronizedRootGroup section */
		6B3620D12CD6FF3D006302CD /* speculetter */ = {
			isa = PBXFileSystemSynchronizedRootGroup;
			path = speculetter;
			sourceTree = "<group>";
		};
		6B3620E22CD6FF3E006302CD /* speculetterTests */ = {
			isa = PBXFileSystemSynchronizedRootGroup;
			path = speculetterTests;
			sourceTree = "<group>";
		};
		6B3620EC2CD6FF3E006302CD /* speculetterUITests */ = {
			isa = PBXFileSystemSynchronizedRootGroup;
			path = speculetterUITests;
			sourceTree = "<group>";
		};
/* End PBXFileSystemSynchronizedRootGroup section */

/* Begin PBXFrameworksBuildPhase section */
		6B3620CC2CD6FF3D006302CD /* Frameworks */ = {
			isa = PBXFrameworksBuildPhase;
			buildActionMask = 2147483647;
			files = (
			);
			runOnlyForDeploymentPostprocessing = 0;
		};
		6B3620DC2CD6FF3E006302CD /* Frameworks */ = {
			isa = PBXFrameworksBuildPhase;
			buildActionMask = 2147483647;
			files = (
			);
			runOnlyForDeploymentPostprocessing = 0;
		};
		6B3620E62CD6FF3E006302CD /* Frameworks */ = {
			isa = PBXFrameworksBuildPhase;
			buildActionMask = 2147483647;
			files = (
			);
			runOnlyForDeploymentPostprocessing = 0;
		};
/* End PBXFrameworksBuildPhase section */

/* Begin PBXGroup section */
		6B3620C62CD6FF3C006302CD = {
			isa = PBXGroup;
			children = (
				6B3620D12CD6FF3D006302CD /* speculetter */,
				6B3620E22CD6FF3E006302CD /* speculetterTests */,
				6B3620EC2CD6FF3E006302CD /* speculetterUITests */,
				6B3620D02CD6FF3D006302CD /* Products */,
			);
			sourceTree = "<group>";
		};
		6B3620D02CD6FF3D006302CD /* Products */ = {
			isa = PBXGroup;
			children = (
				6B3620CF2CD6FF3D006302CD /* speculetter.app */,
				6B3620DF2CD6FF3E006302CD /* speculetterTests.xctest */,
				6B3620E92CD6FF3E006302CD /* speculetterUITests.xctest */,
			);
			name = Products;
			sourceTree = "<group>";
		};
/* End PBXGroup section */

/* Begin PBXNativeTarget section */
		6B3620CE2CD6FF3D006302CD /* speculetter */ = {
			isa = PBXNativeTarget;
			buildConfigurationList = 6B3620F32CD6FF3E006302CD /* Build configuration list for PBXNativeTarget "speculetter" */;
			buildPhases = (
				6B3620CB2CD6FF3D006302CD /* Sources */,
				6B3620CC2CD6FF3D006302CD /* Frameworks */,
				6B3620CD2CD6FF3D006302CD /* Resources */,
			);
			buildRules = (
			);
			dependencies = (
			);
			fileSystemSynchronizedGroups = (
				6B3620D12CD6FF3D006302CD /* speculetter */,
			);
			name = speculetter;
			packageProductDependencies = (
			);
			productName = speculetter;
			productReference = 6B3620CF2CD6FF3D006302CD /* speculetter.app */;
			productType = "com.apple.product-type.application";
		};
		6B3620DE2CD6FF3E006302CD /* speculetterTests */ = {
			isa = PBXNativeTarget;
			buildConfigurationList = 6B3620F62CD6FF3E006302CD /* Build configuration list for PBXNativeTarget "speculetterTests" */;
			buildPhases = (
				6B3620DB2CD6FF3E006302CD /* Sources */,
				6B3620DC2CD6FF3E006302CD /* Frameworks */,
				6B3620DD2CD6FF3E006302CD /* Resources */,
			);
			buildRules = (
			);
			dependencies = (
				6B3620E12CD6FF3E006302CD /* PBXTargetDependency */,
			);
			fileSystemSynchronizedGroups = (
				6B3620E22CD6FF3E006302CD /* speculetterTests */,
			);
			name = speculetterTests;
			packageProductDependencies = (
			);
			productName = speculetterTests;
			productReference = 6B3620DF2CD6FF3E006302CD /* speculetterTests.xctest */;
			productType = "com.apple.product-type.bundle.unit-test";
		};
		6B3620E82CD6FF3E006302CD /* speculetterUITests */ = {
			isa = PBXNativeTarget;
			buildConfigurationList = 6B3620F92CD6FF3E006302CD /* Build configuration list for PBXNativeTarget "speculetterUITests" */;
			buildPhases = (
				6B3620E52CD6FF3E006302CD /* Sources */,
				6B3620E62CD6FF3E006302CD /* Frameworks */,
				6B3620E72CD6FF3E006302CD /* Resources */,
			);
			buildRules = (
			);
			dependencies = (
				6B3620EB2CD6FF3E006302CD /* PBXTargetDependency */,
			);
			fileSystemSynchronizedGroups = (
				6B3620EC2CD6FF3E006302CD /* speculetterUITests */,
			);
			name = speculetterUITests;
			packageProductDependencies = (
			);
			productName = speculetterUITests;
			productReference = 6B3620E92CD6FF3E006302CD /* speculetterUITests.xctest */;
			productType = "com.apple.product-type.bundle.ui-testing";
		};
/* End PBXNativeTarget section */

/* Begin PBXProject section */
		6B3620C72CD6FF3C006302CD /* Project object */ = {
			isa = PBXProject;
			attributes = {
				BuildIndependentTargetsInParallel = 1;
				LastSwiftUpdateCheck = 1610;
				LastUpgradeCheck = 1610;
				TargetAttributes = {
					6B3620CE2CD6FF3D006302CD = {
						CreatedOnToolsVersion = 16.1;
					};
					6B3620DE2CD6FF3E006302CD = {
						CreatedOnToolsVersion = 16.1;
						TestTargetID = 6B3620CE2CD6FF3D006302CD;
					};
					6B3620E82CD6FF3E006302CD = {
						CreatedOnToolsVersion = 16.1;
						TestTargetID = 6B3620CE2CD6FF3D006302CD;
					};
				};
			};
			buildConfigurationList = 6B3620CA2CD6FF3C006302CD /* Build configuration list for PBXProject "speculetter" */;
			developmentRegion = en;
			hasScannedForEncodings = 0;
			knownRegions = (
				en,
				Base,
			);
			mainGroup = 6B3620C62CD6FF3C006302CD;
			minimizedProjectReferenceProxies = 1;
			preferredProjectObjectVersion = 77;
			productRefGroup = 6B3620D02CD6FF3D006302CD /* Products */;
			projectDirPath = "";
			projectRoot = "";
			targets = (
				6B3620CE2CD6FF3D006302CD /* speculetter */,
				6B3620DE2CD6FF3E006302CD /* speculetterTests */,
				6B3620E82CD6FF3E006302CD /* speculetterUITests */,
			);
		};
/* End PBXProject section */

/* Begin PBXResourcesBuildPhase section */
		6B3620CD2CD6FF3D006302CD /* Resources */ = {
			isa = PBXResourcesBuildPhase;
			buildActionMask = 2147483647;
			files = (
			);
			runOnlyForDeploymentPostprocessing = 0;
		};
		6B3620DD2CD6FF3E006302CD /* Resources */ = {
			isa = PBXResourcesBuildPhase;
			buildActionMask = 2147483647;
			files = (
			);
			runOnlyForDeploymentPostprocessing = 0;
		};
		6B3620E72CD6FF3E006302CD /* Resources */ = {
			isa = PBXResourcesBuildPhase;
			buildActionMask = 2147483647;
			files = (
			);
			runOnlyForDeploymentPostprocessing = 0;
		};
/* End PBXResourcesBuildPhase section */

/* Begin PBXSourcesBuildPhase section */
		6B3620CB2CD6FF3D006302CD /* Sources */ = {
			isa = PBXSourcesBuildPhase;
			buildActionMask = 2147483647;
			files = (
			);
			runOnlyForDeploymentPostprocessing = 0;
		};
		6B3620DB2CD6FF3E006302CD /* Sources */ = {
			isa = PBXSourcesBuildPhase;
			buildActionMask = 2147483647;
			files = (
			);
			runOnlyForDeploymentPostprocessing = 0;
		};
		6B3620E52CD6FF3E006302CD /* Sources */ = {
			isa = PBXSourcesBuildPhase;
			buildActionMask = 2147483647;
			files = (
			);
			runOnlyForDeploymentPostprocessing = 0;
		};
/* End PBXSourcesBuildPhase section */

/* Begin PBXTargetDependency section */
		6B3620E12CD6FF3E006302CD /* PBXTargetDependency */ = {
			isa = PBXTargetDependency;
			target = 6B3620CE2CD6FF3D006302CD /* speculetter */;
			targetProxy = 6B3620E02CD6FF3E006302CD /* PBXContainerItemProxy */;
		};
		6B3620EB2CD6FF3E006302CD /* PBXTargetDependency */ = {
			isa = PBXTargetDependency;
			target = 6B3620CE2CD6FF3D006302CD /* speculetter */;
			targetProxy = 6B3620EA2CD6FF3E006302CD /* PBXContainerItemProxy */;
		};
/* End PBXTargetDependency section */

/* Begin XCBuildConfiguration section */
		6B3620F12CD6FF3E006302CD /* Debug */ = {
			isa = XCBuildConfiguration;
			buildSettings = {
				ALWAYS_SEARCH_USER_PATHS = NO;
				ASSETCATALOG_COMPILER_GENERATE_SWIFT_ASSET_SYMBOL_EXTENSIONS = YES;
				CLANG_ANALYZER_NONNULL = YES;
				CLANG_ANALYZER_NUMBER_OBJECT_CONVERSION = YES_AGGRESSIVE;
				CLANG_CXX_LANGUAGE_STANDARD = "gnu++20";
				CLANG_ENABLE_MODULES = YES;
				CLANG_ENABLE_OBJC_ARC = YES;
				CLANG_ENABLE_OBJC_WEAK = YES;
				CLANG_WARN_BLOCK_CAPTURE_AUTORELEASING = YES;
				CLANG_WARN_BOOL_CONVERSION = YES;
				CLANG_WARN_COMMA = YES;
				CLANG_WARN_CONSTANT_CONVERSION = YES;
				CLANG_WARN_DEPRECATED_OBJC_IMPLEMENTATIONS = YES;
				CLANG_WARN_DIRECT_OBJC_ISA_USAGE = YES_ERROR;
				CLANG_WARN_DOCUMENTATION_COMMENTS = YES;
				CLANG_WARN_EMPTY_BODY = YES;
				CLANG_WARN_ENUM_CONVERSION = YES;
				CLANG_WARN_INFINITE_RECURSION = YES;
				CLANG_WARN_INT_CONVERSION = YES;
				CLANG_WARN_NON_LITERAL_NULL_CONVERSION = YES;
				CLANG_WARN_OBJC_IMPLICIT_RETAIN_SELF = YES;
				CLANG_WARN_OBJC_LITERAL_CONVERSION = YES;
				CLANG_WARN_OBJC_ROOT_CLASS = YES_ERROR;
				CLANG_WARN_QUOTED_INCLUDE_IN_FRAMEWORK_HEADER = YES;
				CLANG_WARN_RANGE_LOOP_ANALYSIS = YES;
				CLANG_WARN_STRICT_PROTOTYPES = YES;
				CLANG_WARN_SUSPICIOUS_MOVE = YES;
				CLANG_WARN_UNGUARDED_AVAILABILITY = YES_AGGRESSIVE;
				CLANG_WARN_UNREACHABLE_CODE = YES;
				CLANG_WARN__DUPLICATE_METHOD_MATCH = YES;
				COPY_PHASE_STRIP = NO;
				DEBUG_INFORMATION_FORMAT = dwarf;
				ENABLE_STRICT_OBJC_MSGSEND = YES;
				ENABLE_TESTABILITY = YES;
				ENABLE_USER_SCRIPT_SANDBOXING = YES;
				GCC_C_LANGUAGE_STANDARD = gnu17;
				GCC_DYNAMIC_NO_PIC = NO;
				GCC_NO_COMMON_BLOCKS = YES;
				GCC_OPTIMIZATION_LEVEL = 0;
				GCC_PREPROCESSOR_DEFINITIONS = (
					"DEBUG=1",
					"$(inherited)",
				);
				GCC_WARN_64_TO_32_BIT_CONVERSION = YES;
				GCC_WARN_ABOUT_RETURN_TYPE = YES_ERROR;
				GCC_WARN_UNDECLARED_SELECTOR = YES;
				GCC_WARN_UNINITIALIZED_AUTOS = YES_AGGRESSIVE;
				GCC_WARN_UNUSED_FUNCTION = YES;
				GCC_WARN_UNUSED_VARIABLE = YES;
				IPHONEOS_DEPLOYMENT_TARGET = 18.1;
				LOCALIZATION_PREFERS_STRING_CATALOGS = YES;
				MTL_ENABLE_DEBUG_INFO = INCLUDE_SOURCE;
				MTL_FAST_MATH = YES;
				ONLY_ACTIVE_ARCH = YES;
				SDKROOT = iphoneos;
				SWIFT_ACTIVE_COMPILATION_CONDITIONS = "DEBUG $(inherited)";
				SWIFT_OPTIMIZATION_LEVEL = "-Onone";
			};
			name = Debug;
		};
		6B3620F22CD6FF3E006302CD /* Release */ = {
			isa = XCBuildConfiguration;
			buildSettings = {
				ALWAYS_SEARCH_USER_PATHS = NO;
				ASSETCATALOG_COMPILER_GENERATE_SWIFT_ASSET_SYMBOL_EXTENSIONS = YES;
				CLANG_ANALYZER_NONNULL = YES;
				CLANG_ANALYZER_NUMBER_OBJECT_CONVERSION = YES_AGGRESSIVE;
				CLANG_CXX_LANGUAGE_STANDARD = "gnu++20";
				CLANG_ENABLE_MODULES = YES;
				CLANG_ENABLE_OBJC_ARC = YES;
				CLANG_ENABLE_OBJC_WEAK = YES;
				CLANG_WARN_BLOCK_CAPTURE_AUTORELEASING = YES;
				CLANG_WARN_BOOL_CONVERSION = YES;
				CLANG_WARN_COMMA = YES;
				CLANG_WARN_CONSTANT_CONVERSION = YES;
				CLANG_WARN_DEPRECATED_OBJC_IMPLEMENTATIONS = YES;
				CLANG_WARN_DIRECT_OBJC_ISA_USAGE = YES_ERROR;
				CLANG_WARN_DOCUMENTATION_COMMENTS = YES;
				CLANG_WARN_EMPTY_BODY = YES;
				CLANG_WARN_ENUM_CONVERSION = YES;
				CLANG_WARN_INFINITE_RECURSION = YES;
				CLANG_WARN_INT_CONVERSION = YES;
				CLANG_WARN_NON_LITERAL_NULL_CONVERSION = YES;
				CLANG_WARN_OBJC_IMPLICIT_RETAIN_SELF = YES;
				CLANG_WARN_OBJC_LITERAL_CONVERSION = YES;
				CLANG_WARN_OBJC_ROOT_CLASS = YES_ERROR;
				CLANG_WARN_QUOTED_INCLUDE_IN_FRAMEWORK_HEADER = YES;
				CLANG_WARN_RANGE_LOOP_ANALYSIS = YES;
				CLANG_WARN_STRICT_PROTOTYPES = YES;
				CLANG_WARN_SUSPICIOUS_MOVE = YES;
				CLANG_WARN_UNGUARDED_AVAILABILITY = YES_AGGRESSIVE;
				CLANG_WARN_UNREACHABLE_CODE = YES;
				CLANG_WARN__DUPLICATE_METHOD_MATCH = YES;
				COPY_PHASE_STRIP = NO;
				DEBUG_INFORMATION_FORMAT = "dwarf-with-dsym";
				ENABLE_NS_ASSERTIONS = NO;
				ENABLE_STRICT_OBJC_MSGSEND = YES;
				ENABLE_USER_SCRIPT_SANDBOXING = YES;
				GCC_C_LANGUAGE_STANDARD = gnu17;
				GCC_NO_COMMON_BLOCKS = YES;
				GCC_WARN_64_TO_32_BIT_CONVERSION = YES;
				GCC_WARN_ABOUT_RETURN_TYPE = YES_ERROR;
				GCC_WARN_UNDECLARED_SELECTOR = YES;
				GCC_WARN_UNINITIALIZED_AUTOS = YES_AGGRESSIVE;
				GCC_WARN_UNUSED_FUNCTION = YES;
				GCC_WARN_UNUSED_VARIABLE = YES;
				IPHONEOS_DEPLOYMENT_TARGET = 18.1;
				LOCALIZATION_PREFERS_STRING_CATALOGS = YES;
				MTL_ENABLE_DEBUG_INFO = NO;
				MTL_FAST_MATH = YES;
				SDKROOT = iphoneos;
				SWIFT_COMPILATION_MODE = wholemodule;
				VALIDATE_PRODUCT = YES;
			};
			name = Release;
		};
		6B3620F42CD6FF3E006302CD /* Debug */ = {
			isa = XCBuildConfiguration;
			buildSettings = {
				ASSETCATALOG_COMPILER_APPICON_NAME = AppIcon;
				ASSETCATALOG_COMPILER_GLOBAL_ACCENT_COLOR_NAME = AccentColor;
				CODE_SIGN_STYLE = Automatic;
				CURRENT_PROJECT_VERSION = 1;
				DEVELOPMENT_ASSET_PATHS = "\"speculetter/Preview Content\"";
				DEVELOPMENT_TEAM = DS7FHY8F84;
				ENABLE_PREVIEWS = YES;
				GENERATE_INFOPLIST_FILE = YES;
				INFOPLIST_KEY_UIApplicationSceneManifest_Generation = YES;
				INFOPLIST_KEY_UIApplicationSupportsIndirectInputEvents = YES;
				INFOPLIST_KEY_UILaunchScreen_Generation = YES;
				INFOPLIST_KEY_UISupportedInterfaceOrientations_iPad = "UIInterfaceOrientationPortrait UIInterfaceOrientationPortraitUpsideDown UIInterfaceOrientationLandscapeLeft UIInterfaceOrientationLandscapeRight";
				INFOPLIST_KEY_UISupportedInterfaceOrientations_iPhone = "UIInterfaceOrientationPortrait UIInterfaceOrientationLandscapeLeft UIInterfaceOrientationLandscapeRight";
				LD_RUNPATH_SEARCH_PATHS = (
					"$(inherited)",
					"@executable_path/Frameworks",
				);
				MARKETING_VERSION = 1.0;
				PRODUCT_BUNDLE_IDENTIFIER = com.anujketkar.speculetter;
				PRODUCT_NAME = "$(TARGET_NAME)";
				SWIFT_EMIT_LOC_STRINGS = YES;
				SWIFT_VERSION = 5.0;
				TARGETED_DEVICE_FAMILY = "1,2";
			};
			name = Debug;
		};
		6B3620F52CD6FF3E006302CD /* Release */ = {
			isa = XCBuildConfiguration;
			buildSettings = {
				ASSETCATALOG_COMPILER_APPICON_NAME = AppIcon;
				ASSETCATALOG_COMPILER_GLOBAL_ACCENT_COLOR_NAME = AccentColor;
				CODE_SIGN_STYLE = Automatic;
				CURRENT_PROJECT_VERSION = 1;
				DEVELOPMENT_ASSET_PATHS = "\"speculetter/Preview Content\"";
				DEVELOPMENT_TEAM = DS7FHY8F84;
				ENABLE_PREVIEWS = YES;
				GENERATE_INFOPLIST_FILE = YES;
				INFOPLIST_KEY_UIApplicationSceneManifest_Generation = YES;
				INFOPLIST_KEY_UIApplicationSupportsIndirectInputEvents = YES;
				INFOPLIST_KEY_UILaunchScreen_Generation = YES;
				INFOPLIST_KEY_UISupportedInterfaceOrientations_iPad = "UIInterfaceOrientationPortrait UIInterfaceOrientationPortraitUpsideDown UIInterfaceOrientationLandscapeLeft UIInterfaceOrientationLandscapeRight";
				INFOPLIST_KEY_UISupportedInterfaceOrientations_iPhone = "UIInterfaceOrientationPortrait UIInterfaceOrientationLandscapeLeft UIInterfaceOrientationLandscapeRight";
				LD_RUNPATH_SEARCH_PATHS = (
					"$(inherited)",
					"@executable_path/Frameworks",
				);
				MARKETING_VERSION = 1.0;
				PRODUCT_BUNDLE_IDENTIFIER = com.anujketkar.speculetter;
				PRODUCT_NAME = "$(TARGET_NAME)";
				SWIFT_EMIT_LOC_STRINGS = YES;
				SWIFT_VERSION = 5.0;
				TARGETED_DEVICE_FAMILY = "1,2";
			};
			name = Release;
		};
		6B3620F72CD6FF3E006302CD /* Debug */ = {
			isa = XCBuildConfiguration;
			buildSettings = {
				BUNDLE_LOADER = "$(TEST_HOST)";
				CODE_SIGN_STYLE = Automatic;
				CURRENT_PROJECT_VERSION = 1;
				DEVELOPMENT_TEAM = DS7FHY8F84;
				GENERATE_INFOPLIST_FILE = YES;
				IPHONEOS_DEPLOYMENT_TARGET = 18.1;
				MARKETING_VERSION = 1.0;
				PRODUCT_BUNDLE_IDENTIFIER = com.anujketkar.speculetterTests;
				PRODUCT_NAME = "$(TARGET_NAME)";
				SWIFT_EMIT_LOC_STRINGS = NO;
				SWIFT_VERSION = 5.0;
				TARGETED_DEVICE_FAMILY = "1,2";
				TEST_HOST = "$(BUILT_PRODUCTS_DIR)/speculetter.app/$(BUNDLE_EXECUTABLE_FOLDER_PATH)/speculetter";
			};
			name = Debug;
		};
		6B3620F82CD6FF3E006302CD /* Release */ = {
			isa = XCBuildConfiguration;
			buildSettings = {
				BUNDLE_LOADER = "$(TEST_HOST)";
				CODE_SIGN_STYLE = Automatic;
				CURRENT_PROJECT_VERSION = 1;
				DEVELOPMENT_TEAM = DS7FHY8F84;
				GENERATE_INFOPLIST_FILE = YES;
				IPHONEOS_DEPLOYMENT_TARGET = 18.1;
				MARKETING_VERSION = 1.0;
				PRODUCT_BUNDLE_IDENTIFIER = com.anujketkar.speculetterTests;
				PRODUCT_NAME = "$(TARGET_NAME)";
				SWIFT_EMIT_LOC_STRINGS = NO;
				SWIFT_VERSION = 5.0;
				TARGETED_DEVICE_FAMILY = "1,2";
				TEST_HOST = "$(BUILT_PRODUCTS_DIR)/speculetter.app/$(BUNDLE_EXECUTABLE_FOLDER_PATH)/speculetter";
			};
			name = Release;
		};
		6B3620FA2CD6FF3E006302CD /* Debug */ = {
			isa = XCBuildConfiguration;
			buildSettings = {
				CODE_SIGN_STYLE = Automatic;
				CURRENT_PROJECT_VERSION = 1;
				DEVELOPMENT_TEAM = DS7FHY8F84;
				GENERATE_INFOPLIST_FILE = YES;
				MARKETING_VERSION = 1.0;
				PRODUCT_BUNDLE_IDENTIFIER = com.anujketkar.speculetterUITests;
				PRODUCT_NAME = "$(TARGET_NAME)";
				SWIFT_EMIT_LOC_STRINGS = NO;
				SWIFT_VERSION = 5.0;
				TARGETED_DEVICE_FAMILY = "1,2";
				TEST_TARGET_NAME = speculetter;
			};
			name = Debug;
		};
		6B3620FB2CD6FF3E006302CD /* Release */ = {
			isa = XCBuildConfiguration;
			buildSettings = {
				CODE_SIGN_STYLE = Automatic;
				CURRENT_PROJECT_VERSION = 1;
				DEVELOPMENT_TEAM = DS7FHY8F84;
				GENERATE_INFOPLIST_FILE = YES;
				MARKETING_VERSION = 1.0;
				PRODUCT_BUNDLE_IDENTIFIER = com.anujketkar.speculetterUITests;
				PRODUCT_NAME = "$(TARGET_NAME)";
				SWIFT_EMIT_LOC_STRINGS = NO;
				SWIFT_VERSION = 5.0;
				TARGETED_DEVICE_FAMILY = "1,2";
				TEST_TARGET_NAME = speculetter;
			};
			name = Release;
		};
/* End XCBuildConfiguration section */

/* Begin XCConfigurationList section */
		6B3620CA2CD6FF3C006302CD /* Build configuration list for PBXProject "speculetter" */ = {
			isa = XCConfigurationList;
			buildConfigurations = (
				6B3620F12CD6FF3E006302CD /* Debug */,
				6B3620F22CD6FF3E006302CD /* Release */,
			);
			defaultConfigurationIsVisible = 0;
			defaultConfigurationName = Release;
		};
		6B3620F32CD6FF3E006302CD /* Build configuration list for PBXNativeTarget "speculetter" */ = {
			isa = XCConfigurationList;
			buildConfigurations = (
				6B3620F42CD6FF3E006302CD /* Debug */,
				6B3620F52CD6FF3E006302CD /* Release */,
			);
			defaultConfigurationIsVisible = 0;
			defaultConfigurationName = Release;
		};
		6B3620F62CD6FF3E006302CD /* Build configuration list for PBXNativeTarget "speculetterTests" */ = {
			isa = XCConfigurationList;
			buildConfigurations = (
				6B3620F72CD6FF3E006302CD /* Debug */,
				6B3620F82CD6FF3E006302CD /* Release */,
			);
			defaultConfigurationIsVisible = 0;
			defaultConfigurationName = Release;
		};
		6B3620F92CD6FF3E006302CD /* Build configuration list for PBXNativeTarget "speculetterUITests" */ = {
			isa = XCConfigurationList;
			buildConfigurations = (
				6B3620FA2CD6FF3E006302CD /* Debug */,
				6B3620FB2CD6FF3E006302CD /* Release */,
			);
			defaultConfigurationIsVisible = 0;
			defaultConfigurationName = Release;
		};
/* End XCConfigurationList section */
	};
	rootObject = 6B3620C72CD6FF3C006302CD /* Project object */;
}
